dependencies:
  chmorgan/esp-audio-player:
    dependencies: []
    source:
      path: components/chmorgan__esp-audio-player
      type: local
    version: 1.0.7
  chmorgan/esp-libhelix-mp3:
    dependencies: []
    source:
      path: components/chmorgan__esp-libhelix-mp3
      type: local
    version: 1.0.3
  espressif/cjson:
    component_hash: e788323270d90738662d66fffa910bfe1fba019bba087f01557e70c40485b469
    dependencies:
    - name: idf
      require: private
      version: '>=5.0'
    source:
      registry_url: https://components.espressif.com/
      type: service
    version: 1.7.19~2
  garag/esp-idf-pn532:
    component_hash: aac8ca6ebb69a2b4e344991fa1764d2d298ae44bb90f308794a52bc8104c1d9f
    dependencies:
    - name: idf
      require: private
      version: '>=5.2'
    source:
      registry_url: https://components.espressif.com/
      type: service
    version: 0.2.1
  idf:
    source:
      type: idf
    version: 6.1.0
  lvgl/lvgl:
    dependencies: []
    source:
      path: components/lvgl__lvgl
      type: local
    version: 8.3.11
direct_dependencies:
- chmorgan/esp-audio-player
- chmorgan/esp-libhelix-mp3
- espressif/cjson
- garag/esp-idf-pn532
- idf
- lvgl/lvgl
manifest_hash: 4e262170c81377b4ce8fc0cde2a3057a9aa08e547de10f7f9a60d59669ddfb3b
target: esp32s3
version: 3.0.0
